
Microsoft Visual Studio Solution File, Format Version 12.00
# Visual Studio Version 17
VisualStudioVersion = 17.14.36202.13 d17.14
MinimumVisualStudioVersion = 10.0.40219.1
Project("{FAE04EC0-301F-11D3-BF4B-00C04F79EFBC}") = "Views", "Views\Views.csproj", "{11C083B9-45C3-4457-94F1-DA2585776169}"
EndProject
Global
	GlobalSection(SolutionConfigurationPlatforms) = preSolution
		Debug|Any CPU = Debug|Any CPU
		Release|Any CPU = Release|Any CPU
	EndGlobalSection
	GlobalSection(ProjectConfigurationPlatforms) = postSolution
		{11C083B9-45C3-4457-94F1-DA2585776169}.Debug|Any CPU.ActiveCfg = Debug|Any CPU
		{11C083B9-45C3-4457-94F1-DA2585776169}.Debug|Any CPU.Build.0 = Debug|Any CPU
		{11C083B9-45C3-4457-94F1-DA2585776169}.Release|Any CPU.ActiveCfg = Release|Any CPU
		{11C083B9-45C3-4457-94F1-DA2585776169}.Release|Any CPU.Build.0 = Release|Any CPU
	EndGlobalSection
	GlobalSection(SolutionProperties) = preSolution
		HideSolutionNode = FALSE
	EndGlobalSection
	GlobalSection(ExtensibilityGlobals) = postSolution
		SolutionGuid = {A8EF3D31-6860-4BD9-829D-C506923BEA34}
	EndGlobalSection
EndGlobal
